
Microsoft Visual Studio Solution File, Format Version 12.00
# Visual Studio Version 17
VisualStudioVersion = 17.12.35521.163
MinimumVisualStudioVersion = 10.0.40219.1
Project("{FAE04EC0-301F-11D3-BF4B-00C04F79EFBC}") = "Repo", "Repo\Repo.csproj", "{6036B7C1-13F7-43B1-992A-13264931CB8A}"
EndProject
Project("{FAE04EC0-301F-11D3-BF4B-00C04F79EFBC}") = "Repo.Tests", "Repo.Tests\Repo.Tests.csproj", "{EE485156-2F87-4FED-9E4B-9B4E1BBAF9AA}"
EndProject
Project("{FAE04EC0-301F-11D3-BF4B-00C04F79EFBC}") = "Dtos", "Dtos\Dtos.csproj", "{71D91395-E10D-41C6-8DF5-B8897470C2D0}"
EndProject
Project("{FAE04EC0-301F-11D3-BF4B-00C04F79EFBC}") = "Services", "Services\Services.csproj", "{50D4B402-A479-4902-A3F0-E52A839B4406}"
EndProject
Project("{FAE04EC0-301F-11D3-BF4B-00C04F79EFBC}") = "Server", "Server\Server.csproj", "{9640F10E-B391-474F-9C6E-63FE03448B47}"
EndProject
Project("{FAE04EC0-301F-11D3-BF4B-00C04F79EFBC}") = "Networking", "Networking\Networking.csproj", "{FAF4E2AF-CEA3-4864-960C-9F4D8334488B}"
EndProject
Project("{FAE04EC0-301F-11D3-BF4B-00C04F79EFBC}") = "Client", "Client\Client.csproj", "{C0B32FFC-CF3C-4137-ACC2-9D2FC6410176}"
EndProject
Global
	GlobalSection(SolutionConfigurationPlatforms) = preSolution
		Debug|Any CPU = Debug|Any CPU
		Release|Any CPU = Release|Any CPU
	EndGlobalSection
	GlobalSection(ProjectConfigurationPlatforms) = postSolution
		{6036B7C1-13F7-43B1-992A-13264931CB8A}.Debug|Any CPU.ActiveCfg = Debug|Any CPU
		{6036B7C1-13F7-43B1-992A-13264931CB8A}.Debug|Any CPU.Build.0 = Debug|Any CPU
		{6036B7C1-13F7-43B1-992A-13264931CB8A}.Release|Any CPU.ActiveCfg = Release|Any CPU
		{6036B7C1-13F7-43B1-992A-13264931CB8A}.Release|Any CPU.Build.0 = Release|Any CPU
		{EE485156-2F87-4FED-9E4B-9B4E1BBAF9AA}.Debug|Any CPU.ActiveCfg = Debug|Any CPU
		{EE485156-2F87-4FED-9E4B-9B4E1BBAF9AA}.Debug|Any CPU.Build.0 = Debug|Any CPU
		{EE485156-2F87-4FED-9E4B-9B4E1BBAF9AA}.Release|Any CPU.ActiveCfg = Release|Any CPU
		{EE485156-2F87-4FED-9E4B-9B4E1BBAF9AA}.Release|Any CPU.Build.0 = Release|Any CPU
		{71D91395-E10D-41C6-8DF5-B8897470C2D0}.Debug|Any CPU.ActiveCfg = Debug|Any CPU
		{71D91395-E10D-41C6-8DF5-B8897470C2D0}.Debug|Any CPU.Build.0 = Debug|Any CPU
		{71D91395-E10D-41C6-8DF5-B8897470C2D0}.Release|Any CPU.ActiveCfg = Release|Any CPU
		{71D91395-E10D-41C6-8DF5-B8897470C2D0}.Release|Any CPU.Build.0 = Release|Any CPU
		{50D4B402-A479-4902-A3F0-E52A839B4406}.Debug|Any CPU.ActiveCfg = Debug|Any CPU
		{50D4B402-A479-4902-A3F0-E52A839B4406}.Debug|Any CPU.Build.0 = Debug|Any CPU
		{50D4B402-A479-4902-A3F0-E52A839B4406}.Release|Any CPU.ActiveCfg = Release|Any CPU
		{50D4B402-A479-4902-A3F0-E52A839B4406}.Release|Any CPU.Build.0 = Release|Any CPU
		{9640F10E-B391-474F-9C6E-63FE03448B47}.Debug|Any CPU.ActiveCfg = Debug|Any CPU
		{9640F10E-B391-474F-9C6E-63FE03448B47}.Debug|Any CPU.Build.0 = Debug|Any CPU
		{9640F10E-B391-474F-9C6E-63FE03448B47}.Release|Any CPU.ActiveCfg = Release|Any CPU
		{9640F10E-B391-474F-9C6E-63FE03448B47}.Release|Any CPU.Build.0 = Release|Any CPU
		{FAF4E2AF-CEA3-4864-960C-9F4D8334488B}.Debug|Any CPU.ActiveCfg = Debug|Any CPU
		{FAF4E2AF-CEA3-4864-960C-9F4D8334488B}.Debug|Any CPU.Build.0 = Debug|Any CPU
		{FAF4E2AF-CEA3-4864-960C-9F4D8334488B}.Release|Any CPU.ActiveCfg = Release|Any CPU
		{FAF4E2AF-CEA3-4864-960C-9F4D8334488B}.Release|Any CPU.Build.0 = Release|Any CPU
		{C0B32FFC-CF3C-4137-ACC2-9D2FC6410176}.Debug|Any CPU.ActiveCfg = Debug|Any CPU
		{C0B32FFC-CF3C-4137-ACC2-9D2FC6410176}.Debug|Any CPU.Build.0 = Debug|Any CPU
		{C0B32FFC-CF3C-4137-ACC2-9D2FC6410176}.Release|Any CPU.ActiveCfg = Release|Any CPU
		{C0B32FFC-CF3C-4137-ACC2-9D2FC6410176}.Release|Any CPU.Build.0 = Release|Any CPU
	EndGlobalSection
	GlobalSection(SolutionProperties) = preSolution
		HideSolutionNode = FALSE
	EndGlobalSection
	GlobalSection(ExtensibilityGlobals) = postSolution
		SolutionGuid = {83392BB9-235B-48A7-9657-77D04A74D5A5}
	EndGlobalSection
EndGlobal
